<?xml version="1.0" encoding="utf-8"?>
<Project ToolsVersion="4.0" xmlns="http://schemas.microsoft.com/developer/msbuild/2003">
  <ItemGroup>
    <Filter Include="Source Files">
      <UniqueIdentifier>{4FC737F1-C7A5-4376-A066-2A32D752A2FF}</UniqueIdentifier>
      <Extensions>cpp;c;cc;cxx;def;odl;idl;hpj;bat;asm;asmx</Extensions>
    </Filter>
    <Filter Include="Header Files">
      <UniqueIdentifier>{93995380-89BD-4b04-88EB-625FBE52EBFB}</UniqueIdentifier>
      <Extensions>h;hh;hpp;hxx;hm;inl;inc;xsd</Extensions>
    </Filter>
    <Filter Include="Resource Files">
      <UniqueIdentifier>{67DA6AB6-F800-4c08-8B7A-83BB121AAD01}</UniqueIdentifier>
      <Extensions>rc;ico;cur;bmp;dlg;rc2;rct;bin;rgs;gif;jpg;jpeg;jpe;resx;tiff;tif;png;wav;mfcribbon-ms</Extensions>
    </Filter>
    <Filter Include="Source Files\256">
      <UniqueIdentifier>{0485cb94-c386-472d-9afc-cdf62d1f2730}</UniqueIdentifier>
    </Filter>
    <Filter Include="Source Files\128">
      <UniqueIdentifier>{8aa09257-31ed-4c4a-8ff5-35e9b277f398}</UniqueIdentifier>
    </Filter>
    <Filter Include="Source Files\Arch">
      <UniqueIdentifier>{b95bdb3f-cf3b-486a-a0de-590062192c4c}</UniqueIdentifier>
    </Filter>
    <Filter Include="Source Files\512">
      <UniqueIdentifier>{2508a89e-8d68-446d-981a-2cb731db6b1f}</UniqueIdentifier>
    </Filter>
  </ItemGroup>
  <ItemGroup>
    <ClCompile Include="..\Source\Main.cpp">
      <Filter>Source Files</Filter>
    </ClCompile>
    <ClCompile Include="..\Source\Benchmark.cpp">
      <Filter>Source Files</Filter>
    </ClCompile>
  </ItemGroup>
  <ItemGroup>
    <ClInclude Include="..\Source\Benchmark.h">
      <Filter>Source Files</Filter>
    </ClInclude>
    <ClInclude Include="..\Source\256\f32v3_Add_AVX_c8x4.h">
      <Filter>Source Files\256</Filter>
    </ClInclude>
    <ClInclude Include="..\Source\256\f64v2_Add_AVX_c8x4.h">
      <Filter>Source Files\256</Filter>
    </ClInclude>
    <ClInclude Include="..\Source\256\f32v3_Mul_AVX_c12x4.h">
      <Filter>Source Files\256</Filter>
    </ClInclude>
    <ClInclude Include="..\Source\256\f64v2_Mul_AVX_c12x4.h">
      <Filter>Source Files\256</Filter>
    </ClInclude>
    <ClInclude Include="..\Source\256\f32v3_FMA_FMA3_c12x4.h">
      <Filter>Source Files\256</Filter>
    </ClInclude>
    <ClInclude Include="..\Source\256\f64v2_FMA_FMA3_c12x4.h">
      <Filter>Source Files\256</Filter>
    </ClInclude>
    <ClInclude Include="..\Source\256\f32v3_MulAdd_AVX_c6u4_c4u6.h">
      <Filter>Source Files\256</Filter>
    </ClInclude>
    <ClInclude Include="..\Source\256\f64v2_MulAdd_AVX_c6u4_c4u6.h">
      <Filter>Source Files\256</Filter>
    </ClInclude>
    <ClInclude Include="..\Source\128\f32v2_Add_SSE_c8x4.h">
      <Filter>Source Files\128</Filter>
    </ClInclude>
    <ClInclude Include="..\Source\128\f64v1_Add_SSE2_c8x4.h">
      <Filter>Source Files\128</Filter>
    </ClInclude>
    <ClInclude Include="..\Source\128\f32v2_Mul_SSE_c12x4.h">
      <Filter>Source Files\128</Filter>
    </ClInclude>
    <ClInclude Include="..\Source\128\f64v1_Mul_SSE2_c12x4.h">
      <Filter>Source Files\128</Filter>
    </ClInclude>
    <ClInclude Include="..\Source\128\f32v2_FMA_FMA3_c12x4.h">
      <Filter>Source Files\128</Filter>
    </ClInclude>
    <ClInclude Include="..\Source\128\f64v1_FMA_FMA3_c12x4.h">
      <Filter>Source Files\128</Filter>
    </ClInclude>
    <ClInclude Include="..\Source\128\f32v2_MulAdd_SSE_c6u4_c4u6.h">
      <Filter>Source Files\128</Filter>
    </ClInclude>
    <ClInclude Include="..\Source\128\f64v1_MulAdd_SSE2_c6u4_c4u6.h">
      <Filter>Source Files\128</Filter>
    </ClInclude>
    <ClInclude Include="..\Source\128\f32v2_Mul_SSE_c12x4_InlineASM.h">
      <Filter>Source Files\128</Filter>
    </ClInclude>
    <ClInclude Include="..\Source\128\f32v2_FMA_FMA4_c12x4.h">
      <Filter>Source Files\128</Filter>
    </ClInclude>
    <ClInclude Include="..\Source\128\f64v1_FMA_FMA4_c12x4.h">
      <Filter>Source Files\128</Filter>
    </ClInclude>
    <ClInclude Include="..\Source\256\f32v3_FMA_FMA4_c12x4.h">
      <Filter>Source Files\256</Filter>
    </ClInclude>
    <ClInclude Include="..\Source\256\f64v2_FMA_FMA4_c12x4.h">
      <Filter>Source Files\256</Filter>
    </ClInclude>
    <ClInclude Include="..\Source\128\f32v2_Reduce_SSE.h">
      <Filter>Source Files\128</Filter>
    </ClInclude>
    <ClInclude Include="..\Source\128\f64v1_Reduce_SSE2.h">
      <Filter>Source Files\128</Filter>
    </ClInclude>
    <ClInclude Include="..\Source\256\f32v3_Reduce_AVX.h">
      <Filter>Source Files\256</Filter>
    </ClInclude>
    <ClInclude Include="..\Source\256\f64v2_Reduce_AVX.h">
      <Filter>Source Files\256</Filter>
    </ClInclude>
    <ClInclude Include="..\Source\512\f32v4_Reduce_AVX512.h">
      <Filter>Source Files\512</Filter>
    </ClInclude>
    <ClInclude Include="..\Source\512\f64v3_Reduce_AVX512.h">
      <Filter>Source Files\512</Filter>
    </ClInclude>
    <ClInclude Include="..\Source\Tools.h">
      <Filter>Source Files</Filter>
    </ClInclude>
    <ClInclude Include="..\Source\512\f32v4_Add_AVX512_c16x4.h">
      <Filter>Source Files\512</Filter>
    </ClInclude>
    <ClInclude Include="..\Source\512\f64v3_Add_AVX512_c16x4.h">
      <Filter>Source Files\512</Filter>
    </ClInclude>
    <ClInclude Include="..\Source\512\f32v4_FMA_AVX512_c24x4.h">
      <Filter>Source Files\512</Filter>
    </ClInclude>
    <ClInclude Include="..\Source\512\f64v3_FMA_AVX512_c24x4.h">
      <Filter>Source Files\512</Filter>
    </ClInclude>
    <ClInclude Include="..\Source\512\f32v4_Mul_AVX512_c24x4.h">
      <Filter>Source Files\512</Filter>
    </ClInclude>
    <ClInclude Include="..\Source\512\f64v3_Mul_AVX512_c24x4.h">
      <Filter>Source Files\512</Filter>
    </ClInclude>
    <ClInclude Include="..\Source\512\f32v4_MulAdd_AVX512_c12u8_c8u12.h">
      <Filter>Source Files\512</Filter>
    </ClInclude>
    <ClInclude Include="..\Source\512\f64v3_MulAdd_AVX512_c12u8_c8u12.h">
      <Filter>Source Files\512</Filter>
    </ClInclude>
  </ItemGroup>
  <ItemGroup>
    <None Include="..\Source\Arch\2017_Zen.ipp">
      <Filter>Source Files\Arch</Filter>
    </None>
    <None Include="..\Source\Arch\2013_Haswell.ipp">
      <Filter>Source Files\Arch</Filter>
    </None>
    <None Include="..\Source\Arch\2012_Piledriver.ipp">
      <Filter>Source Files\Arch</Filter>
    </None>
    <None Include="..\Source\Arch\2011_Bulldozer.ipp">
      <Filter>Source Files\Arch</Filter>
    </None>
    <None Include="..\Source\Arch\2016_KnightsLanding.ipp">
      <Filter>Source Files\Arch</Filter>
    </None>
    <None Include="..\Source\Arch\2011_SandyBridge.ipp">
      <Filter>Source Files\Arch</Filter>
    </None>
    <None Include="..\Source\Arch\2006_Core2.ipp">
      <Filter>Source Files\Arch</Filter>
    </None>
  </ItemGroup>
</Project>