
Microsoft Visual Studio Solution File, Format Version 12.00
# Visual Studio 14
VisualStudioVersion = 14.0.23107.0
MinimumVisualStudioVersion = 10.0.40219.1
Project("{8BC9CEB8-8B4A-11D0-8D11-00A0C91BC942}") = "flops", "flops\flops.vcxproj", "{23CC5708-F78A-4471-9788-6E21F9B1D3EF}"
EndProject
Global
	GlobalSection(SolutionConfigurationPlatforms) = preSolution
		06-Core2|Win32 = 06-Core2|Win32
		06-Core2|x64 = 06-Core2|x64
		11-Bulldozer|Win32 = 11-Bulldozer|Win32
		11-Bulldozer|x64 = 11-Bulldozer|x64
		11-SandyBridge|Win32 = 11-SandyBridge|Win32
		11-SandyBridge|x64 = 11-SandyBridge|x64
		12-Piledriver|Win32 = 12-Piledriver|Win32
		12-Piledriver|x64 = 12-Piledriver|x64
		13-Haswell|Win32 = 13-Haswell|Win32
		13-Haswell|x64 = 13-Haswell|x64
		16-KnightsLanding|Win32 = 16-KnightsLanding|Win32
		16-KnightsLanding|x64 = 16-KnightsLanding|x64
	EndGlobalSection
	GlobalSection(ProjectConfigurationPlatforms) = postSolution
		{23CC5708-F78A-4471-9788-6E21F9B1D3EF}.06-Core2|Win32.ActiveCfg = 06-Core2|Win32
		{23CC5708-F78A-4471-9788-6E21F9B1D3EF}.06-Core2|Win32.Build.0 = 06-Core2|Win32
		{23CC5708-F78A-4471-9788-6E21F9B1D3EF}.06-Core2|x64.ActiveCfg = 06-Core2|x64
		{23CC5708-F78A-4471-9788-6E21F9B1D3EF}.06-Core2|x64.Build.0 = 06-Core2|x64
		{23CC5708-F78A-4471-9788-6E21F9B1D3EF}.11-Bulldozer|Win32.ActiveCfg = 11-Bulldozer|Win32
		{23CC5708-F78A-4471-9788-6E21F9B1D3EF}.11-Bulldozer|Win32.Build.0 = 11-Bulldozer|Win32
		{23CC5708-F78A-4471-9788-6E21F9B1D3EF}.11-Bulldozer|x64.ActiveCfg = 11-Bulldozer|x64
		{23CC5708-F78A-4471-9788-6E21F9B1D3EF}.11-Bulldozer|x64.Build.0 = 11-Bulldozer|x64
		{23CC5708-F78A-4471-9788-6E21F9B1D3EF}.11-SandyBridge|Win32.ActiveCfg = 11-SandyBridge|Win32
		{23CC5708-F78A-4471-9788-6E21F9B1D3EF}.11-SandyBridge|Win32.Build.0 = 11-SandyBridge|Win32
		{23CC5708-F78A-4471-9788-6E21F9B1D3EF}.11-SandyBridge|x64.ActiveCfg = 11-SandyBridge|x64
		{23CC5708-F78A-4471-9788-6E21F9B1D3EF}.11-SandyBridge|x64.Build.0 = 11-SandyBridge|x64
		{23CC5708-F78A-4471-9788-6E21F9B1D3EF}.12-Piledriver|Win32.ActiveCfg = 12-Piledriver|Win32
		{23CC5708-F78A-4471-9788-6E21F9B1D3EF}.12-Piledriver|Win32.Build.0 = 12-Piledriver|Win32
		{23CC5708-F78A-4471-9788-6E21F9B1D3EF}.12-Piledriver|x64.ActiveCfg = 12-Piledriver|x64
		{23CC5708-F78A-4471-9788-6E21F9B1D3EF}.12-Piledriver|x64.Build.0 = 12-Piledriver|x64
		{23CC5708-F78A-4471-9788-6E21F9B1D3EF}.13-Haswell|Win32.ActiveCfg = 13-Haswell|Win32
		{23CC5708-F78A-4471-9788-6E21F9B1D3EF}.13-Haswell|Win32.Build.0 = 13-Haswell|Win32
		{23CC5708-F78A-4471-9788-6E21F9B1D3EF}.13-Haswell|x64.ActiveCfg = 13-Haswell|x64
		{23CC5708-F78A-4471-9788-6E21F9B1D3EF}.13-Haswell|x64.Build.0 = 13-Haswell|x64
		{23CC5708-F78A-4471-9788-6E21F9B1D3EF}.16-KnightsLanding|Win32.ActiveCfg = 16-KnightsLanding|Win32
		{23CC5708-F78A-4471-9788-6E21F9B1D3EF}.16-KnightsLanding|Win32.Build.0 = 16-KnightsLanding|Win32
		{23CC5708-F78A-4471-9788-6E21F9B1D3EF}.16-KnightsLanding|x64.ActiveCfg = 16-KnightsLanding|x64
		{23CC5708-F78A-4471-9788-6E21F9B1D3EF}.16-KnightsLanding|x64.Build.0 = 16-KnightsLanding|x64
	EndGlobalSection
	GlobalSection(SolutionProperties) = preSolution
		HideSolutionNode = FALSE
	EndGlobalSection
EndGlobal
